// !$*UTF8*$!
{
	archiveVersion = 1;
	classes = {
	};
	objectVersion = 48;
	objects = {

/* Begin PBXBuildFile section */
		CA19D9871F69A94F004F3784 /* AppDelegate.swift in Sources */ = {isa = PBXBuildFile; fileRef = CA19D9861F69A94F004F3784 /* AppDelegate.swift */; };
		CA19D9891F69A94F004F3784 /* ViewController.swift in Sources */ = {isa = PBXBuildFile; fileRef = CA19D9881F69A94F004F3784 /* ViewController.swift */; };
		CA19D98C1F69A94F004F3784 /* Main.storyboard in Resources */ = {isa = PBXBuildFile; fileRef = CA19D98A1F69A94F004F3784 /* Main.storyboard */; };
		CA19D98E1F69A94F004F3784 /* Assets.xcassets in Resources */ = {isa = PBXBuildFile; fileRef = CA19D98D1F69A94F004F3784 /* Assets.xcassets */; };
		CA19D9911F69A94F004F3784 /* LaunchScreen.storyboard in Resources */ = {isa = PBXBuildFile; fileRef = CA19D98F1F69A94F004F3784 /* LaunchScreen.storyboard */; };
		CA19D99C1F69A94F004F3784 /* LoginAppTests.swift in Sources */ = {isa = PBXBuildFile; fileRef = CA19D99B1F69A94F004F3784 /* LoginAppTests.swift */; };
		CA19D9A71F69A94F004F3784 /* LoginAppUITests.swift in Sources */ = {isa = PBXBuildFile; fileRef = CA19D9A61F69A94F004F3784 /* LoginAppUITests.swift */; };
/* End PBXBuildFile section */

/* Begin PBXContainerItemProxy section */
		CA19D9981F69A94F004F3784 /* PBXContainerItemProxy */ = {
			isa = PBXContainerItemProxy;
			containerPortal = CA19D97B1F69A94F004F3784 /* Project object */;
			proxyType = 1;
			remoteGlobalIDString = CA19D9821F69A94F004F3784;
			remoteInfo = LoginApp;
		};
		CA19D9A31F69A94F004F3784 /* PBXContainerItemProxy */ = {
			isa = PBXContainerItemProxy;
			containerPortal = CA19D97B1F69A94F004F3784 /* Project object */;
			proxyType = 1;
			remoteGlobalIDString = CA19D9821F69A94F004F3784;
			remoteInfo = LoginApp;
		};
/* End PBXContainerItemProxy section */

/* Begin PBXFileReference section */
		CA19D9831F69A94F004F3784 /* LoginApp.app */ = {isa = PBXFileReference; explicitFileType = wrapper.application; includeInIndex = 0; path = LoginApp.app; sourceTree = BUILT_PRODUCTS_DIR; };
		CA19D9861F69A94F004F3784 /* AppDelegate.swift */ = {isa = PBXFileReference; lastKnownFileType = sourcecode.swift; path = AppDelegate.swift; sourceTree = "<group>"; };
		CA19D9881F69A94F004F3784 /* ViewController.swift */ = {isa = PBXFileReference; lastKnownFileType = sourcecode.swift; path = ViewController.swift; sourceTree = "<group>"; };
		CA19D98B1F69A94F004F3784 /* Base */ = {isa = PBXFileReference; lastKnownFileType = file.storyboard; name = Base; path = Base.lproj/Main.storyboard; sourceTree = "<group>"; };
		CA19D98D1F69A94F004F3784 /* Assets.xcassets */ = {isa = PBXFileReference; lastKnownFileType = folder.assetcatalog; path = Assets.xcassets; sourceTree = "<group>"; };
		CA19D9901F69A94F004F3784 /* Base */ = {isa = PBXFileReference; lastKnownFileType = file.storyboard; name = Base; path = Base.lproj/LaunchScreen.storyboard; sourceTree = "<group>"; };
		CA19D9921F69A94F004F3784 /* Info.plist */ = {isa = PBXFileReference; lastKnownFileType = text.plist.xml; path = Info.plist; sourceTree = "<group>"; };
		CA19D9971F69A94F004F3784 /* LoginAppTests.xctest */ = {isa = PBXFileReference; explicitFileType = wrapper.cfbundle; includeInIndex = 0; path = LoginAppTests.xctest; sourceTree = BUILT_PRODUCTS_DIR; };
		CA19D99B1F69A94F004F3784 /* LoginAppTests.swift */ = {isa = PBXFileReference; lastKnownFileType = sourcecode.swift; path = LoginAppTests.swift; sourceTree = "<group>"; };
		CA19D99D1F69A94F004F3784 /* Info.plist */ = {isa = PBXFileReference; lastKnownFileType = text.plist.xml; path = Info.plist; sourceTree = "<group>"; };
		CA19D9A21F69A94F004F3784 /* LoginAppUITests.xctest */ = {isa = PBXFileReference; explicitFileType = wrapper.cfbundle; includeInIndex = 0; path = LoginAppUITests.xctest; sourceTree = BUILT_PRODUCTS_DIR; };
		CA19D9A61F69A94F004F3784 /* LoginAppUITests.swift */ = {isa = PBXFileReference; lastKnownFileType = sourcecode.swift; path = LoginAppUITests.swift; sourceTree = "<group>"; };
		CA19D9A81F69A94F004F3784 /* Info.plist */ = {isa = PBXFileReference; lastKnownFileType = text.plist.xml; path = Info.plist; sourceTree = "<group>"; };
/* End PBXFileReference section */

/* Begin PBXFrameworksBuildPhase section */
		CA19D9801F69A94F004F3784 /* Frameworks */ = {
			isa = PBXFrameworksBuildPhase;
			buildActionMask = 2147483647;
			files = (
			);
			runOnlyForDeploymentPostprocessing = 0;
		};
		CA19D9941F69A94F004F3784 /* Frameworks */ = {
			isa = PBXFrameworksBuildPhase;
			buildActionMask = 2147483647;
			files = (
			);
			runOnlyForDeploymentPostprocessing = 0;
		};
		CA19D99F1F69A94F004F3784 /* Frameworks */ = {
			isa = PBXFrameworksBuildPhase;
			buildActionMask = 2147483647;
			files = (
			);
			runOnlyForDeploymentPostprocessing = 0;
		};
/* End PBXFrameworksBuildPhase section */

/* Begin PBXGroup section */
		CA19D97A1F69A94F004F3784 = {
			isa = PBXGroup;
			children = (
				CA19D9851F69A94F004F3784 /* LoginApp */,
				CA19D99A1F69A94F004F3784 /* LoginAppTests */,
				CA19D9A51F69A94F004F3784 /* LoginAppUITests */,
				CA19D9841F69A94F004F3784 /* Products */,
			);
			sourceTree = "<group>";
		};
		CA19D9841F69A94F004F3784 /* Products */ = {
			isa = PBXGroup;
			children = (
				CA19D9831F69A94F004F3784 /* LoginApp.app */,
				CA19D9971F69A94F004F3784 /* LoginAppTests.xctest */,
				CA19D9A21F69A94F004F3784 /* LoginAppUITests.xctest */,
			);
			name = Products;
			sourceTree = "<group>";
		};
		CA19D9851F69A94F004F3784 /* LoginApp */ = {
			isa = PBXGroup;
			children = (
				CA19D9861F69A94F004F3784 /* AppDelegate.swift */,
				CA19D9881F69A94F004F3784 /* ViewController.swift */,
				CA19D98A1F69A94F004F3784 /* Main.storyboard */,
				CA19D98D1F69A94F004F3784 /* Assets.xcassets */,
				CA19D98F1F69A94F004F3784 /* LaunchScreen.storyboard */,
				CA19D9921F69A94F004F3784 /* Info.plist */,
			);
			path = LoginApp;
			sourceTree = "<group>";
		};
		CA19D99A1F69A94F004F3784 /* LoginAppTests */ = {
			isa = PBXGroup;
			children = (
				CA19D99B1F69A94F004F3784 /* LoginAppTests.swift */,
				CA19D99D1F69A94F004F3784 /* Info.plist */,
			);
			path = LoginAppTests;
			sourceTree = "<group>";
		};
		CA19D9A51F69A94F004F3784 /* LoginAppUITests */ = {
			isa = PBXGroup;
			children = (
				CA19D9A61F69A94F004F3784 /* LoginAppUITests.swift */,
				CA19D9A81F69A94F004F3784 /* Info.plist */,
			);
			path = LoginAppUITests;
			sourceTree = "<group>";
		};
/* End PBXGroup section */

/* Begin PBXNativeTarget section */
		CA19D9821F69A94F004F3784 /* LoginApp */ = {
			isa = PBXNativeTarget;
			buildConfigurationList = CA19D9AB1F69A94F004F3784 /* Build configuration list for PBXNativeTarget "LoginApp" */;
			buildPhases = (
				CA19D97F1F69A94F004F3784 /* Sources */,
				CA19D9801F69A94F004F3784 /* Frameworks */,
				CA19D9811F69A94F004F3784 /* Resources */,
			);
			buildRules = (
			);
			dependencies = (
			);
			name = LoginApp;
			productName = LoginApp;
			productReference = CA19D9831F69A94F004F3784 /* LoginApp.app */;
			productType = "com.apple.product-type.application";
		};
		CA19D9961F69A94F004F3784 /* LoginAppTests */ = {
			isa = PBXNativeTarget;
			buildConfigurationList = CA19D9AE1F69A94F004F3784 /* Build configuration list for PBXNativeTarget "LoginAppTests" */;
			buildPhases = (
				CA19D9931F69A94F004F3784 /* Sources */,
				CA19D9941F69A94F004F3784 /* Frameworks */,
				CA19D9951F69A94F004F3784 /* Resources */,
			);
			buildRules = (
			);
			dependencies = (
				CA19D9991F69A94F004F3784 /* PBXTargetDependency */,
			);
			name = LoginAppTests;
			productName = LoginAppTests;
			productReference = CA19D9971F69A94F004F3784 /* LoginAppTests.xctest */;
			productType = "com.apple.product-type.bundle.unit-test";
		};
		CA19D9A11F69A94F004F3784 /* LoginAppUITests */ = {
			isa = PBXNativeTarget;
			buildConfigurationList = CA19D9B11F69A94F004F3784 /* Build configuration list for PBXNativeTarget "LoginAppUITests" */;
			buildPhases = (
				CA19D99E1F69A94F004F3784 /* Sources */,
				CA19D99F1F69A94F004F3784 /* Frameworks */,
				CA19D9A01F69A94F004F3784 /* Resources */,
			);
			buildRules = (
			);
			dependencies = (
				CA19D9A41F69A94F004F3784 /* PBXTargetDependency */,
			);
			name = LoginAppUITests;
			productName = LoginAppUITests;
			productReference = CA19D9A21F69A94F004F3784 /* LoginAppUITests.xctest */;
			productType = "com.apple.product-type.bundle.ui-testing";
		};
/* End PBXNativeTarget section */

/* Begin PBXProject section */
		CA19D97B1F69A94F004F3784 /* Project object */ = {
			isa = PBXProject;
			attributes = {
				LastSwiftUpdateCheck = 0900;
				LastUpgradeCheck = 0900;
				ORGANIZATIONNAME = Chrysalis;
				TargetAttributes = {
					CA19D9821F69A94F004F3784 = {
						CreatedOnToolsVersion = 9.0;
						ProvisioningStyle = Automatic;
					};
					CA19D9961F69A94F004F3784 = {
						CreatedOnToolsVersion = 9.0;
						ProvisioningStyle = Automatic;
						TestTargetID = CA19D9821F69A94F004F3784;
					};
					CA19D9A11F69A94F004F3784 = {
						CreatedOnToolsVersion = 9.0;
						ProvisioningStyle = Automatic;
						TestTargetID = CA19D9821F69A94F004F3784;
					};
				};
			};
			buildConfigurationList = CA19D97E1F69A94F004F3784 /* Build configuration list for PBXProject "LoginApp" */;
			compatibilityVersion = "Xcode 8.0";
			developmentRegion = en;
			hasScannedForEncodings = 0;
			knownRegions = (
				en,
				Base,
			);
			mainGroup = CA19D97A1F69A94F004F3784;
			productRefGroup = CA19D9841F69A94F004F3784 /* Products */;
			projectDirPath = "";
			projectRoot = "";
			targets = (
				CA19D9821F69A94F004F3784 /* LoginApp */,
				CA19D9961F69A94F004F3784 /* LoginAppTests */,
				CA19D9A11F69A94F004F3784 /* LoginAppUITests */,
			);
		};
/* End PBXProject section */

/* Begin PBXResourcesBuildPhase section */
		CA19D9811F69A94F004F3784 /* Resources */ = {
			isa = PBXResourcesBuildPhase;
			buildActionMask = 2147483647;
			files = (
				CA19D9911F69A94F004F3784 /* LaunchScreen.storyboard in Resources */,
				CA19D98E1F69A94F004F3784 /* Assets.xcassets in Resources */,
				CA19D98C1F69A94F004F3784 /* Main.storyboard in Resources */,
			);
			runOnlyForDeploymentPostprocessing = 0;
		};
		CA19D9951F69A94F004F3784 /* Resources */ = {
			isa = PBXResourcesBuildPhase;
			buildActionMask = 2147483647;
			files = (
			);
			runOnlyForDeploymentPostprocessing = 0;
		};
		CA19D9A01F69A94F004F3784 /* Resources */ = {
			isa = PBXResourcesBuildPhase;
			buildActionMask = 2147483647;
			files = (
			);
			runOnlyForDeploymentPostprocessing = 0;
		};
/* End PBXResourcesBuildPhase section */

/* Begin PBXSourcesBuildPhase section */
		CA19D97F1F69A94F004F3784 /* Sources */ = {
			isa = PBXSourcesBuildPhase;
			buildActionMask = 2147483647;
			files = (
				CA19D9891F69A94F004F3784 /* ViewController.swift in Sources */,
				CA19D9871F69A94F004F3784 /* AppDelegate.swift in Sources */,
			);
			runOnlyForDeploymentPostprocessing = 0;
		};
		CA19D9931F69A94F004F3784 /* Sources */ = {
			isa = PBXSourcesBuildPhase;
			buildActionMask = 2147483647;
			files = (
				CA19D99C1F69A94F004F3784 /* LoginAppTests.swift in Sources */,
			);
			runOnlyForDeploymentPostprocessing = 0;
		};
		CA19D99E1F69A94F004F3784 /* Sources */ = {
			isa = PBXSourcesBuildPhase;
			buildActionMask = 2147483647;
			files = (
				CA19D9A71F69A94F004F3784 /* LoginAppUITests.swift in Sources */,
			);
			runOnlyForDeploymentPostprocessing = 0;
		};
/* End PBXSourcesBuildPhase section */

/* Begin PBXTargetDependency section */
		CA19D9991F69A94F004F3784 /* PBXTargetDependency */ = {
			isa = PBXTargetDependency;
			target = CA19D9821F69A94F004F3784 /* LoginApp */;
			targetProxy = CA19D9981F69A94F004F3784 /* PBXContainerItemProxy */;
		};
		CA19D9A41F69A94F004F3784 /* PBXTargetDependency */ = {
			isa = PBXTargetDependency;
			target = CA19D9821F69A94F004F3784 /* LoginApp */;
			targetProxy = CA19D9A31F69A94F004F3784 /* PBXContainerItemProxy */;
		};
/* End PBXTargetDependency section */

/* Begin PBXVariantGroup section */
		CA19D98A1F69A94F004F3784 /* Main.storyboard */ = {
			isa = PBXVariantGroup;
			children = (
				CA19D98B1F69A94F004F3784 /* Base */,
			);
			name = Main.storyboard;
			sourceTree = "<group>";
		};
		CA19D98F1F69A94F004F3784 /* LaunchScreen.storyboard */ = {
			isa = PBXVariantGroup;
			children = (
				CA19D9901F69A94F004F3784 /* Base */,
			);
			name = LaunchScreen.storyboard;
			sourceTree = "<group>";
		};
/* End PBXVariantGroup section */

/* Begin XCBuildConfiguration section */
		CA19D9A91F69A94F004F3784 /* Debug */ = {
			isa = XCBuildConfiguration;
			buildSettings = {
				ALWAYS_SEARCH_USER_PATHS = NO;
				CLANG_ANALYZER_NONNULL = YES;
				CLANG_ANALYZER_NUMBER_OBJECT_CONVERSION = YES_AGGRESSIVE;
				CLANG_CXX_LANGUAGE_STANDARD = "gnu++14";
				CLANG_CXX_LIBRARY = "libc++";
				CLANG_ENABLE_MODULES = YES;
				CLANG_ENABLE_OBJC_ARC = YES;
				CLANG_WARN_BLOCK_CAPTURE_AUTORELEASING = YES;
				CLANG_WARN_BOOL_CONVERSION = YES;
				CLANG_WARN_COMMA = YES;
				CLANG_WARN_CONSTANT_CONVERSION = YES;
				CLANG_WARN_DIRECT_OBJC_ISA_USAGE = YES_ERROR;
				CLANG_WARN_DOCUMENTATION_COMMENTS = YES;
				CLANG_WARN_EMPTY_BODY = YES;
				CLANG_WARN_ENUM_CONVERSION = YES;
				CLANG_WARN_INFINITE_RECURSION = YES;
				CLANG_WARN_INT_CONVERSION = YES;
				CLANG_WARN_NON_LITERAL_NULL_CONVERSION = YES;
				CLANG_WARN_OBJC_LITERAL_CONVERSION = YES;
				CLANG_WARN_OBJC_ROOT_CLASS = YES_ERROR;
				CLANG_WARN_RANGE_LOOP_ANALYSIS = YES;
				CLANG_WARN_STRICT_PROTOTYPES = YES;
				CLANG_WARN_SUSPICIOUS_MOVE = YES;
				CLANG_WARN_UNGUARDED_AVAILABILITY = YES_AGGRESSIVE;
				CLANG_WARN_UNREACHABLE_CODE = YES;
				CLANG_WARN__DUPLICATE_METHOD_MATCH = YES;
				CODE_SIGN_IDENTITY = "iPhone Developer";
				COPY_PHASE_STRIP = NO;
				DEBUG_INFORMATION_FORMAT = dwarf;
				ENABLE_STRICT_OBJC_MSGSEND = YES;
				ENABLE_TESTABILITY = YES;
				GCC_C_LANGUAGE_STANDARD = gnu11;
				GCC_DYNAMIC_NO_PIC = NO;
				GCC_NO_COMMON_BLOCKS = YES;
				GCC_OPTIMIZATION_LEVEL = 0;
				GCC_PREPROCESSOR_DEFINITIONS = (
					"DEBUG=1",
					"$(inherited)",
				);
				GCC_WARN_64_TO_32_BIT_CONVERSION = YES;
				GCC_WARN_ABOUT_RETURN_TYPE = YES_ERROR;
				GCC_WARN_UNDECLARED_SELECTOR = YES;
				GCC_WARN_UNINITIALIZED_AUTOS = YES_AGGRESSIVE;
				GCC_WARN_UNUSED_FUNCTION = YES;
				GCC_WARN_UNUSED_VARIABLE = YES;
				IPHONEOS_DEPLOYMENT_TARGET = 11.0;
				MTL_ENABLE_DEBUG_INFO = YES;
				ONLY_ACTIVE_ARCH = YES;
				SDKROOT = iphoneos;
				SWIFT_ACTIVE_COMPILATION_CONDITIONS = DEBUG;
				SWIFT_OPTIMIZATION_LEVEL = "-Onone";
			};
			name = Debug;
		};
		CA19D9AA1F69A94F004F3784 /* Release */ = {
			isa = XCBuildConfiguration;
			buildSettings = {
				ALWAYS_SEARCH_USER_PATHS = NO;
				CLANG_ANALYZER_NONNULL = YES;
				CLANG_ANALYZER_NUMBER_OBJECT_CONVERSION = YES_AGGRESSIVE;
				CLANG_CXX_LANGUAGE_STANDARD = "gnu++14";
				CLANG_CXX_LIBRARY = "libc++";
				CLANG_ENABLE_MODULES = YES;
				CLANG_ENABLE_OBJC_ARC = YES;
				CLANG_WARN_BLOCK_CAPTURE_AUTORELEASING = YES;
				CLANG_WARN_BOOL_CONVERSION = YES;
				CLANG_WARN_COMMA = YES;
				CLANG_WARN_CONSTANT_CONVERSION = YES;
				CLANG_WARN_DIRECT_OBJC_ISA_USAGE = YES_ERROR;
				CLANG_WARN_DOCUMENTATION_COMMENTS = YES;
				CLANG_WARN_EMPTY_BODY = YES;
				CLANG_WARN_ENUM_CONVERSION = YES;
				CLANG_WARN_INFINITE_RECURSION = YES;
				CLANG_WARN_INT_CONVERSION = YES;
				CLANG_WARN_NON_LITERAL_NULL_CONVERSION = YES;
				CLANG_WARN_OBJC_LITERAL_CONVERSION = YES;
				CLANG_WARN_OBJC_ROOT_CLASS = YES_ERROR;
				CLANG_WARN_RANGE_LOOP_ANALYSIS = YES;
				CLANG_WARN_STRICT_PROTOTYPES = YES;
				CLANG_WARN_SUSPICIOUS_MOVE = YES;
				CLANG_WARN_UNGUARDED_AVAILABILITY = YES_AGGRESSIVE;
				CLANG_WARN_UNREACHABLE_CODE = YES;
				CLANG_WARN__DUPLICATE_METHOD_MATCH = YES;
				CODE_SIGN_IDENTITY = "iPhone Developer";
				COPY_PHASE_STRIP = NO;
				DEBUG_INFORMATION_FORMAT = "dwarf-with-dsym";
				ENABLE_NS_ASSERTIONS = NO;
				ENABLE_STRICT_OBJC_MSGSEND = YES;
				GCC_C_LANGUAGE_STANDARD = gnu11;
				GCC_NO_COMMON_BLOCKS = YES;
				GCC_WARN_64_TO_32_BIT_CONVERSION = YES;
				GCC_WARN_ABOUT_RETURN_TYPE = YES_ERROR;
				GCC_WARN_UNDECLARED_SELECTOR = YES;
				GCC_WARN_UNINITIALIZED_AUTOS = YES_AGGRESSIVE;
				GCC_WARN_UNUSED_FUNCTION = YES;
				GCC_WARN_UNUSED_VARIABLE = YES;
				IPHONEOS_DEPLOYMENT_TARGET = 11.0;
				MTL_ENABLE_DEBUG_INFO = NO;
				SDKROOT = iphoneos;
				SWIFT_OPTIMIZATION_LEVEL = "-Owholemodule";
				VALIDATE_PRODUCT = YES;
			};
			name = Release;
		};
		CA19D9AC1F69A94F004F3784 /* Debug */ = {
			isa = XCBuildConfiguration;
			buildSettings = {
				ASSETCATALOG_COMPILER_APPICON_NAME = AppIcon;
				CODE_SIGN_STYLE = Automatic;
				DEVELOPMENT_TEAM = XCKL3W4H78;
				INFOPLIST_FILE = LoginApp/Info.plist;
				LD_RUNPATH_SEARCH_PATHS = "$(inherited) @executable_path/Frameworks";
				PRODUCT_BUNDLE_IDENTIFIER = chrysalis.LoginApp;
				PRODUCT_NAME = "$(TARGET_NAME)";
				SWIFT_VERSION = 4.0;
				TARGETED_DEVICE_FAMILY = "1,2";
			};
			name = Debug;
		};
		CA19D9AD1F69A94F004F3784 /* Release */ = {
			isa = XCBuildConfiguration;
			buildSettings = {
				ASSETCATALOG_COMPILER_APPICON_NAME = AppIcon;
				CODE_SIGN_STYLE = Automatic;
				DEVELOPMENT_TEAM = XCKL3W4H78;
				INFOPLIST_FILE = LoginApp/Info.plist;
				LD_RUNPATH_SEARCH_PATHS = "$(inherited) @executable_path/Frameworks";
				PRODUCT_BUNDLE_IDENTIFIER = chrysalis.LoginApp;
				PRODUCT_NAME = "$(TARGET_NAME)";
				SWIFT_VERSION = 4.0;
				TARGETED_DEVICE_FAMILY = "1,2";
			};
			name = Release;
		};
		CA19D9AF1F69A94F004F3784 /* Debug */ = {
			isa = XCBuildConfiguration;
			buildSettings = {
				ALWAYS_EMBED_SWIFT_STANDARD_LIBRARIES = YES;
				BUNDLE_LOADER = "$(TEST_HOST)";
				CODE_SIGN_STYLE = Automatic;
				DEVELOPMENT_TEAM = XCKL3W4H78;
				INFOPLIST_FILE = LoginAppTests/Info.plist;
				LD_RUNPATH_SEARCH_PATHS = "$(inherited) @executable_path/Frameworks @loader_path/Frameworks";
				PRODUCT_BUNDLE_IDENTIFIER = chrysalis.LoginAppTests;
				PRODUCT_NAME = "$(TARGET_NAME)";
				SWIFT_VERSION = 4.0;
				TARGETED_DEVICE_FAMILY = "1,2";
				TEST_HOST = "$(BUILT_PRODUCTS_DIR)/LoginApp.app/LoginApp";
			};
			name = Debug;
		};
		CA19D9B01F69A94F004F3784 /* Release */ = {
			isa = XCBuildConfiguration;
			buildSettings = {
				ALWAYS_EMBED_SWIFT_STANDARD_LIBRARIES = YES;
				BUNDLE_LOADER = "$(TEST_HOST)";
				CODE_SIGN_STYLE = Automatic;
				DEVELOPMENT_TEAM = XCKL3W4H78;
				INFOPLIST_FILE = LoginAppTests/Info.plist;
				LD_RUNPATH_SEARCH_PATHS = "$(inherited) @executable_path/Frameworks @loader_path/Frameworks";
				PRODUCT_BUNDLE_IDENTIFIER = chrysalis.LoginAppTests;
				PRODUCT_NAME = "$(TARGET_NAME)";
				SWIFT_VERSION = 4.0;
				TARGETED_DEVICE_FAMILY = "1,2";
				TEST_HOST = "$(BUILT_PRODUCTS_DIR)/LoginApp.app/LoginApp";
			};
			name = Release;
		};
		CA19D9B21F69A94F004F3784 /* Debug */ = {
			isa = XCBuildConfiguration;
			buildSettings = {
				ALWAYS_EMBED_SWIFT_STANDARD_LIBRARIES = YES;
				CODE_SIGN_STYLE = Automatic;
				DEVELOPMENT_TEAM = XCKL3W4H78;
				INFOPLIST_FILE = LoginAppUITests/Info.plist;
				LD_RUNPATH_SEARCH_PATHS = "$(inherited) @executable_path/Frameworks @loader_path/Frameworks";
				PRODUCT_BUNDLE_IDENTIFIER = chrysalis.LoginAppUITests;
				PRODUCT_NAME = "$(TARGET_NAME)";
				SWIFT_VERSION = 4.0;
				TARGETED_DEVICE_FAMILY = "1,2";
				TEST_TARGET_NAME = LoginApp;
			};
			name = Debug;
		};
		CA19D9B31F69A94F004F3784 /* Release */ = {
			isa = XCBuildConfiguration;
			buildSettings = {
				ALWAYS_EMBED_SWIFT_STANDARD_LIBRARIES = YES;
				CODE_SIGN_STYLE = Automatic;
				DEVELOPMENT_TEAM = XCKL3W4H78;
				INFOPLIST_FILE = LoginAppUITests/Info.plist;
				LD_RUNPATH_SEARCH_PATHS = "$(inherited) @executable_path/Frameworks @loader_path/Frameworks";
				PRODUCT_BUNDLE_IDENTIFIER = chrysalis.LoginAppUITests;
				PRODUCT_NAME = "$(TARGET_NAME)";
				SWIFT_VERSION = 4.0;
				TARGETED_DEVICE_FAMILY = "1,2";
				TEST_TARGET_NAME = LoginApp;
			};
			name = Release;
		};
/* End XCBuildConfiguration section */

/* Begin XCConfigurationList section */
		CA19D97E1F69A94F004F3784 /* Build configuration list for PBXProject "LoginApp" */ = {
			isa = XCConfigurationList;
			buildConfigurations = (
				CA19D9A91F69A94F004F3784 /* Debug */,
				CA19D9AA1F69A94F004F3784 /* Release */,
			);
			defaultConfigurationIsVisible = 0;
			defaultConfigurationName = Release;
		};
		CA19D9AB1F69A94F004F3784 /* Build configuration list for PBXNativeTarget "LoginApp" */ = {
			isa = XCConfigurationList;
			buildConfigurations = (
				CA19D9AC1F69A94F004F3784 /* Debug */,
				CA19D9AD1F69A94F004F3784 /* Release */,
			);
			defaultConfigurationIsVisible = 0;
			defaultConfigurationName = Release;
		};
		CA19D9AE1F69A94F004F3784 /* Build configuration list for PBXNativeTarget "LoginAppTests" */ = {
			isa = XCConfigurationList;
			buildConfigurations = (
				CA19D9AF1F69A94F004F3784 /* Debug */,
				CA19D9B01F69A94F004F3784 /* Release */,
			);
			defaultConfigurationIsVisible = 0;
			defaultConfigurationName = Release;
		};
		CA19D9B11F69A94F004F3784 /* Build configuration list for PBXNativeTarget "LoginAppUITests" */ = {
			isa = XCConfigurationList;
			buildConfigurations = (
				CA19D9B21F69A94F004F3784 /* Debug */,
				CA19D9B31F69A94F004F3784 /* Release */,
			);
			defaultConfigurationIsVisible = 0;
			defaultConfigurationName = Release;
		};
/* End XCConfigurationList section */
	};
	rootObject = CA19D97B1F69A94F004F3784 /* Project object */;
}
